
Microsoft Visual Studio Solution File, Format Version 12.00
# Visual Studio Version 17
VisualStudioVersion = 17.10.34928.147
MinimumVisualStudioVersion = 10.0.40219.1
Project("{FAE04EC0-301F-11D3-BF4B-00C04F79EFBC}") = "SecureFileStorageProvider", "SecureFileStorageProvider.csproj", "{370B50C6-6A7F-4E2B-BA21-0DD4538191FB}"
EndProject
Global
	GlobalSection(SolutionConfigurationPlatforms) = preSolution
		Debug|Any CPU = Debug|Any CPU
		Release|Any CPU = Release|Any CPU
	EndGlobalSection
	GlobalSection(ProjectConfigurationPlatforms) = postSolution
		{370B50C6-6A7F-4E2B-BA21-0DD4538191FB}.Debug|Any CPU.ActiveCfg = Debug|Any CPU
		{370B50C6-6A7F-4E2B-BA21-0DD4538191FB}.Debug|Any CPU.Build.0 = Debug|Any CPU
		{370B50C6-6A7F-4E2B-BA21-0DD4538191FB}.Release|Any CPU.ActiveCfg = Release|Any CPU
		{370B50C6-6A7F-4E2B-BA21-0DD4538191FB}.Release|Any CPU.Build.0 = Release|Any CPU
	EndGlobalSection
	GlobalSection(SolutionProperties) = preSolution
		HideSolutionNode = FALSE
	EndGlobalSection
	GlobalSection(ExtensibilityGlobals) = postSolution
		SolutionGuid = {FA5205C3-9E08-4D28-B614-42327D25AAA9}
	EndGlobalSection
EndGlobal
